
Microsoft Visual Studio Solution File, Format Version 12.00
# Visual Studio 15
VisualStudioVersion = 15.0.27130.2010
MinimumVisualStudioVersion = 10.0.40219.1
Project("{FAE04EC0-301F-11D3-BF4B-00C04F79EFBC}") = "SpecValidator", "SpecValidator\SpecValidator.csproj", "{AC747963-3EC2-4A45-BF71-F91C99D6F5E7}"
EndProject
Project("{FAE04EC0-301F-11D3-BF4B-00C04F79EFBC}") = "TestProject", "TestProject\TestProject.csproj", "{AC66C592-220A-4C9A-85A9-A6CFAE3778EB}"
EndProject
Global
	GlobalSection(SolutionConfigurationPlatforms) = preSolution
		Debug|Any CPU = Debug|Any CPU
		Release|Any CPU = Release|Any CPU
	EndGlobalSection
	GlobalSection(ProjectConfigurationPlatforms) = postSolution
		{AC747963-3EC2-4A45-BF71-F91C99D6F5E7}.Debug|Any CPU.ActiveCfg = Debug|Any CPU
		{AC747963-3EC2-4A45-BF71-F91C99D6F5E7}.Debug|Any CPU.Build.0 = Debug|Any CPU
		{AC747963-3EC2-4A45-BF71-F91C99D6F5E7}.Release|Any CPU.ActiveCfg = Release|Any CPU
		{AC747963-3EC2-4A45-BF71-F91C99D6F5E7}.Release|Any CPU.Build.0 = Release|Any CPU
		{AC66C592-220A-4C9A-85A9-A6CFAE3778EB}.Debug|Any CPU.ActiveCfg = Debug|Any CPU
		{AC66C592-220A-4C9A-85A9-A6CFAE3778EB}.Debug|Any CPU.Build.0 = Debug|Any CPU
		{AC66C592-220A-4C9A-85A9-A6CFAE3778EB}.Release|Any CPU.ActiveCfg = Release|Any CPU
		{AC66C592-220A-4C9A-85A9-A6CFAE3778EB}.Release|Any CPU.Build.0 = Release|Any CPU
	EndGlobalSection
	GlobalSection(SolutionProperties) = preSolution
		HideSolutionNode = FALSE
	EndGlobalSection
	GlobalSection(ExtensibilityGlobals) = postSolution
		SolutionGuid = {5B3F50FC-2379-4C17-9689-57DFC98F53AD}
	EndGlobalSection
EndGlobal
